
Microsoft Visual Studio Solution File, Format Version 12.00
# Visual Studio Version 16
VisualStudioVersion = 16.0.32228.343
MinimumVisualStudioVersion = 10.0.40219.1
Project("{FAE04EC0-301F-11D3-BF4B-00C04F79EFBC}") = "Mimari-Proje", "Mimari-Proje\Mimari-Proje.csproj", "{AEFDBEDE-3A2D-4D86-8784-DABB3C95D220}"
EndProject
Global
	GlobalSection(SolutionConfigurationPlatforms) = preSolution
		Debug|Any CPU = Debug|Any CPU
		Release|Any CPU = Release|Any CPU
	EndGlobalSection
	GlobalSection(ProjectConfigurationPlatforms) = postSolution
		{AEFDBEDE-3A2D-4D86-8784-DABB3C95D220}.Debug|Any CPU.ActiveCfg = Debug|Any CPU
		{AEFDBEDE-3A2D-4D86-8784-DABB3C95D220}.Debug|Any CPU.Build.0 = Debug|Any CPU
		{AEFDBEDE-3A2D-4D86-8784-DABB3C95D220}.Release|Any CPU.ActiveCfg = Release|Any CPU
		{AEFDBEDE-3A2D-4D86-8784-DABB3C95D220}.Release|Any CPU.Build.0 = Release|Any CPU
	EndGlobalSection
	GlobalSection(SolutionProperties) = preSolution
		HideSolutionNode = FALSE
	EndGlobalSection
	GlobalSection(ExtensibilityGlobals) = postSolution
		SolutionGuid = {170591ED-9120-44E6-A2D5-F77400A317D3}
	EndGlobalSection
EndGlobal
